
Microsoft Visual Studio Solution File, Format Version 12.00
# Visual Studio 15
VisualStudioVersion = 15.0.28307.489
MinimumVisualStudioVersion = 10.0.40219.1
Project("{FAE04EC0-301F-11D3-BF4B-00C04F79EFBC}") = "DealerInsightRazor", "DealerInsightRazor\DealerInsightRazor.csproj", "{5B3DADA2-63AA-4C2E-B1C5-E460281394DB}"
EndProject
Global
	GlobalSection(SolutionConfigurationPlatforms) = preSolution
		Debug|Any CPU = Debug|Any CPU
		Release|Any CPU = Release|Any CPU
	EndGlobalSection
	GlobalSection(ProjectConfigurationPlatforms) = postSolution
		{5B3DADA2-63AA-4C2E-B1C5-E460281394DB}.Debug|Any CPU.ActiveCfg = Debug|Any CPU
		{5B3DADA2-63AA-4C2E-B1C5-E460281394DB}.Debug|Any CPU.Build.0 = Debug|Any CPU
		{5B3DADA2-63AA-4C2E-B1C5-E460281394DB}.Release|Any CPU.ActiveCfg = Release|Any CPU
		{5B3DADA2-63AA-4C2E-B1C5-E460281394DB}.Release|Any CPU.Build.0 = Release|Any CPU
	EndGlobalSection
	GlobalSection(SolutionProperties) = preSolution
		HideSolutionNode = FALSE
	EndGlobalSection
	GlobalSection(ExtensibilityGlobals) = postSolution
		SolutionGuid = {8EF28594-A063-4AD3-A424-52EE5C4187F1}
	EndGlobalSection
EndGlobal
